
Microsoft Visual Studio Solution File, Format Version 12.00
# Visual Studio Version 17
VisualStudioVersion = 17.0.31919.166
MinimumVisualStudioVersion = 10.0.40219.1
Project("{FAE04EC0-301F-11D3-BF4B-00C04F79EFBC}") = "AzerothMemories.WebBlazor", "AzerothMemories.WebBlazor\AzerothMemories.WebBlazor.csproj", "{A97D94E4-F2A0-4307-AD87-1B4E3C475991}"
EndProject
Global
	GlobalSection(SolutionConfigurationPlatforms) = preSolution
		Debug|Any CPU = Debug|Any CPU
		Release|Any CPU = Release|Any CPU
	EndGlobalSection
	GlobalSection(ProjectConfigurationPlatforms) = postSolution
		{A97D94E4-F2A0-4307-AD87-1B4E3C475991}.Debug|Any CPU.ActiveCfg = Debug|Any CPU
		{A97D94E4-F2A0-4307-AD87-1B4E3C475991}.Debug|Any CPU.Build.0 = Debug|Any CPU
		{A97D94E4-F2A0-4307-AD87-1B4E3C475991}.Release|Any CPU.ActiveCfg = Release|Any CPU
		{A97D94E4-F2A0-4307-AD87-1B4E3C475991}.Release|Any CPU.Build.0 = Release|Any CPU
	EndGlobalSection
	GlobalSection(SolutionProperties) = preSolution
		HideSolutionNode = FALSE
	EndGlobalSection
	GlobalSection(ExtensibilityGlobals) = postSolution
		SolutionGuid = {849D31A2-DBDA-4BC3-847C-D58BB931A75D}
	EndGlobalSection
EndGlobal
