
Microsoft Visual Studio Solution File, Format Version 12.00
# Visual Studio Version 17
VisualStudioVersion = 17.0.31919.166
MinimumVisualStudioVersion = 10.0.40219.1
Project("{FAE04EC0-301F-11D3-BF4B-00C04F79EFBC}") = "AzerothMemories.Database.Seeder", "AzerothMemories.Database.Seeder\AzerothMemories.Database.Seeder.csproj", "{5971D8A0-EBA4-4DEC-8D12-14D4CD759F51}"
EndProject
Global
	GlobalSection(SolutionConfigurationPlatforms) = preSolution
		Debug|Any CPU = Debug|Any CPU
		Release|Any CPU = Release|Any CPU
	EndGlobalSection
	GlobalSection(ProjectConfigurationPlatforms) = postSolution
		{5971D8A0-EBA4-4DEC-8D12-14D4CD759F51}.Debug|Any CPU.ActiveCfg = Debug|Any CPU
		{5971D8A0-EBA4-4DEC-8D12-14D4CD759F51}.Debug|Any CPU.Build.0 = Debug|Any CPU
		{5971D8A0-EBA4-4DEC-8D12-14D4CD759F51}.Release|Any CPU.ActiveCfg = Release|Any CPU
		{5971D8A0-EBA4-4DEC-8D12-14D4CD759F51}.Release|Any CPU.Build.0 = Release|Any CPU
	EndGlobalSection
	GlobalSection(SolutionProperties) = preSolution
		HideSolutionNode = FALSE
	EndGlobalSection
	GlobalSection(ExtensibilityGlobals) = postSolution
		SolutionGuid = {C68365C4-8665-4657-9037-422CCC366978}
	EndGlobalSection
EndGlobal
