
Microsoft Visual Studio Solution File, Format Version 12.00
# Visual Studio Version 17
VisualStudioVersion = 17.0.31919.166
MinimumVisualStudioVersion = 10.0.40219.1
Project("{9A19103F-16F7-4668-BE54-9A1E7A4F7556}") = "AzerothMemories.Database.Seeder", "..\AzerothMemories.Database.Seeder\AzerothMemories.Database.Seeder\AzerothMemories.Database.Seeder.csproj", "{322F0108-E401-4064-A796-6760379C095D}"
EndProject
Project("{9A19103F-16F7-4668-BE54-9A1E7A4F7556}") = "AzerothMemories.WebBlazor", "..\AzerothMemories.WebBlazor\AzerothMemories.WebBlazor\AzerothMemories.WebBlazor.csproj", "{D6411883-563E-4188-820F-78A44C6FA174}"
EndProject
Project("{9A19103F-16F7-4668-BE54-9A1E7A4F7556}") = "AzerothMemories.WebServer", "..\AzerothMemories.WebServer\AzerothMemories.WebServer\AzerothMemories.WebServer.csproj", "{9FA35407-B226-4370-95F4-7255EA3C09D4}"
EndProject
Project("{9A19103F-16F7-4668-BE54-9A1E7A4F7556}") = "AzerothMemories.Database", "..\AzerothMemories.Database\AzerothMemories.Database\AzerothMemories.Database.csproj", "{CC515ADE-1436-4204-ADC7-D393729E984C}"
EndProject
Project("{9A19103F-16F7-4668-BE54-9A1E7A4F7556}") = "AzerothMemories.WebServer.Tests", "..\AzerothMemories.WebServer.Tests\AzerothMemories.WebServer.Tests\AzerothMemories.WebServer.Tests.csproj", "{BBB302E6-9AEC-4A2C-B2B9-7D644CC3FA42}"
EndProject
Global
	GlobalSection(SolutionConfigurationPlatforms) = preSolution
		Debug|Any CPU = Debug|Any CPU
		Release|Any CPU = Release|Any CPU
	EndGlobalSection
	GlobalSection(ProjectConfigurationPlatforms) = postSolution
		{322F0108-E401-4064-A796-6760379C095D}.Debug|Any CPU.ActiveCfg = Debug|Any CPU
		{322F0108-E401-4064-A796-6760379C095D}.Debug|Any CPU.Build.0 = Debug|Any CPU
		{322F0108-E401-4064-A796-6760379C095D}.Release|Any CPU.ActiveCfg = Release|Any CPU
		{322F0108-E401-4064-A796-6760379C095D}.Release|Any CPU.Build.0 = Release|Any CPU
		{D6411883-563E-4188-820F-78A44C6FA174}.Debug|Any CPU.ActiveCfg = Debug|Any CPU
		{D6411883-563E-4188-820F-78A44C6FA174}.Debug|Any CPU.Build.0 = Debug|Any CPU
		{D6411883-563E-4188-820F-78A44C6FA174}.Release|Any CPU.ActiveCfg = Release|Any CPU
		{D6411883-563E-4188-820F-78A44C6FA174}.Release|Any CPU.Build.0 = Release|Any CPU
		{9FA35407-B226-4370-95F4-7255EA3C09D4}.Debug|Any CPU.ActiveCfg = Debug|Any CPU
		{9FA35407-B226-4370-95F4-7255EA3C09D4}.Debug|Any CPU.Build.0 = Debug|Any CPU
		{9FA35407-B226-4370-95F4-7255EA3C09D4}.Release|Any CPU.ActiveCfg = Release|Any CPU
		{9FA35407-B226-4370-95F4-7255EA3C09D4}.Release|Any CPU.Build.0 = Release|Any CPU
		{CC515ADE-1436-4204-ADC7-D393729E984C}.Debug|Any CPU.ActiveCfg = Debug|Any CPU
		{CC515ADE-1436-4204-ADC7-D393729E984C}.Debug|Any CPU.Build.0 = Debug|Any CPU
		{CC515ADE-1436-4204-ADC7-D393729E984C}.Release|Any CPU.ActiveCfg = Release|Any CPU
		{CC515ADE-1436-4204-ADC7-D393729E984C}.Release|Any CPU.Build.0 = Release|Any CPU
		{BBB302E6-9AEC-4A2C-B2B9-7D644CC3FA42}.Debug|Any CPU.ActiveCfg = Debug|Any CPU
		{BBB302E6-9AEC-4A2C-B2B9-7D644CC3FA42}.Debug|Any CPU.Build.0 = Debug|Any CPU
		{BBB302E6-9AEC-4A2C-B2B9-7D644CC3FA42}.Release|Any CPU.ActiveCfg = Release|Any CPU
		{BBB302E6-9AEC-4A2C-B2B9-7D644CC3FA42}.Release|Any CPU.Build.0 = Release|Any CPU
	EndGlobalSection
	GlobalSection(SolutionProperties) = preSolution
		HideSolutionNode = FALSE
	EndGlobalSection
	GlobalSection(ExtensibilityGlobals) = postSolution
		SolutionGuid = {97243EDA-1FA9-4CB6-B0DE-BF0A88050566}
	EndGlobalSection
EndGlobal
