
Microsoft Visual Studio Solution File, Format Version 12.00
# Visual Studio Version 17
VisualStudioVersion = 17.0.31919.166
MinimumVisualStudioVersion = 10.0.40219.1
Project("{FAE04EC0-301F-11D3-BF4B-00C04F79EFBC}") = "AzerothMemories.WebServer", "AzerothMemories.WebServer\AzerothMemories.WebServer.csproj", "{43A7A6AB-5DD2-49C6-8269-9CAD5A160F08}"
EndProject
Global
	GlobalSection(SolutionConfigurationPlatforms) = preSolution
		Debug|Any CPU = Debug|Any CPU
		Release|Any CPU = Release|Any CPU
	EndGlobalSection
	GlobalSection(ProjectConfigurationPlatforms) = postSolution
		{43A7A6AB-5DD2-49C6-8269-9CAD5A160F08}.Debug|Any CPU.ActiveCfg = Debug|Any CPU
		{43A7A6AB-5DD2-49C6-8269-9CAD5A160F08}.Debug|Any CPU.Build.0 = Debug|Any CPU
		{43A7A6AB-5DD2-49C6-8269-9CAD5A160F08}.Release|Any CPU.ActiveCfg = Release|Any CPU
		{43A7A6AB-5DD2-49C6-8269-9CAD5A160F08}.Release|Any CPU.Build.0 = Release|Any CPU
	EndGlobalSection
	GlobalSection(SolutionProperties) = preSolution
		HideSolutionNode = FALSE
	EndGlobalSection
	GlobalSection(ExtensibilityGlobals) = postSolution
		SolutionGuid = {40F65ED0-D06D-4C68-8597-74881FB670BC}
	EndGlobalSection
EndGlobal
